{
  "version": 4,
  "terraform_version": "1.15.1",
  "serial": 10,
  "lineage": "f8ddb6c3-2b7f-2875-6587-ac9a42d776e3",
  "outputs": {
    "master_ip": {
      "value": "10.10.1.162",
      "type": "string"
    },
    "worker_ips": {
      "value": [
        "10.10.1.43",
        "10.10.1.136"
      ],
      "type": [
        "tuple",
        [
          "string",
          "string"
        ]
      ]
    }
  },
  "resources": [
    {
      "mode": "managed",
      "type": "openstack_compute_instance_v2",
      "name": "master",
      "provider": "provider[\"registry.terraform.io/terraform-provider-openstack/openstack\"]",
      "instances": [
        {
          "schema_version": 0,
          "attributes": {
            "access_ip_v4": "10.10.1.162",
            "access_ip_v6": "",
            "admin_pass": null,
            "all_metadata": {},
            "all_tags": [],
            "availability_zone": "nova",
            "availability_zone_hints": null,
            "block_device": [],
            "config_drive": null,
            "created": "2026-05-06 10:58:15 +0000 UTC",
            "flavor_id": "2b32febe-5bf3-4fbb-a098-b0ea8821a4fa",
            "flavor_name": "m1.large",
            "floating_ip": null,
            "force_delete": false,
            "id": "91a41878-a7d2-424b-8ce1-9426173d9622",
            "image_id": "a4790384-d6e0-40eb-9849-3e47d418dedb",
            "image_name": "Ubuntu-22.04",
            "key_pair": "songdelamoon",
            "metadata": null,
            "name": "k8s-master",
            "network": [
              {
                "access_network": false,
                "fixed_ip_v4": "10.10.1.162",
                "fixed_ip_v6": "",
                "floating_ip": "",
                "mac": "fa:16:3e:89:36:62",
                "name": "net-01",
                "port": "",
                "uuid": "007b0ea6-7f6c-4e2c-becd-f65799f83eae"
              }
            ],
            "network_mode": null,
            "personality": [],
            "power_state": "active",
            "region": "RegionOne",
            "scheduler_hints": [],
            "security_groups": [
              "k8s-security-group"
            ],
            "stop_before_destroy": false,
            "tags": null,
            "timeouts": null,
            "updated": "2026-05-06 10:58:34 +0000 UTC",
            "user_data": null,
            "vendor_options": [],
            "volume": []
          },
          "sensitive_attributes": [
            [
              {
                "type": "get_attr",
                "value": "admin_pass"
              }
            ]
          ],
          "identity_schema_version": 0,
          "private": "eyJlMmJmYjczMC1lY2FhLTExZTYtOGY4OC0zNDM2M2JjN2M0YzAiOnsiY3JlYXRlIjoxODAwMDAwMDAwMDAwLCJkZWxldGUiOjE4MDAwMDAwMDAwMDAsInVwZGF0ZSI6MTgwMDAwMDAwMDAwMH19",
          "dependencies": [
            "openstack_networking_secgroup_v2.k8s_sg"
          ]
        }
      ]
    },
    {
      "mode": "managed",
      "type": "openstack_compute_instance_v2",
      "name": "workers",
      "provider": "provider[\"registry.terraform.io/terraform-provider-openstack/openstack\"]",
      "instances": [
        {
          "index_key": 0,
          "schema_version": 0,
          "attributes": {
            "access_ip_v4": "10.10.1.43",
            "access_ip_v6": "",
            "admin_pass": null,
            "all_metadata": {},
            "all_tags": [],
            "availability_zone": "nova",
            "availability_zone_hints": null,
            "block_device": [],
            "config_drive": null,
            "created": "2026-05-06 10:58:16 +0000 UTC",
            "flavor_id": "069f3094-dc51-4e41-a259-3b5c2c845b1f",
            "flavor_name": "m1.medium",
            "floating_ip": null,
            "force_delete": false,
            "id": "112faca7-ae34-4366-9be5-fe5058eb73bc",
            "image_id": "a4790384-d6e0-40eb-9849-3e47d418dedb",
            "image_name": "Ubuntu-22.04",
            "key_pair": "songdelamoon",
            "metadata": null,
            "name": "k8s-worker-1",
            "network": [
              {
                "access_network": false,
                "fixed_ip_v4": "10.10.1.43",
                "fixed_ip_v6": "",
                "floating_ip": "",
                "mac": "fa:16:3e:43:9a:02",
                "name": "net-01",
                "port": "",
                "uuid": "007b0ea6-7f6c-4e2c-becd-f65799f83eae"
              }
            ],
            "network_mode": null,
            "personality": [],
            "power_state": "active",
            "region": "RegionOne",
            "scheduler_hints": [],
            "security_groups": [
              "k8s-security-group"
            ],
            "stop_before_destroy": false,
            "tags": null,
            "timeouts": null,
            "updated": "2026-05-06 10:58:36 +0000 UTC",
            "user_data": null,
            "vendor_options": [],
            "volume": []
          },
          "sensitive_attributes": [
            [
              {
                "type": "get_attr",
                "value": "admin_pass"
              }
            ]
          ],
          "identity_schema_version": 0,
          "private": "eyJlMmJmYjczMC1lY2FhLTExZTYtOGY4OC0zNDM2M2JjN2M0YzAiOnsiY3JlYXRlIjoxODAwMDAwMDAwMDAwLCJkZWxldGUiOjE4MDAwMDAwMDAwMDAsInVwZGF0ZSI6MTgwMDAwMDAwMDAwMH19",
          "dependencies": [
            "openstack_networking_secgroup_v2.k8s_sg"
          ]
        },
        {
          "index_key": 1,
          "schema_version": 0,
          "attributes": {
            "access_ip_v4": "10.10.1.136",
            "access_ip_v6": "",
            "admin_pass": null,
            "all_metadata": {},
            "all_tags": [],
            "availability_zone": "nova",
            "availability_zone_hints": null,
            "block_device": [],
            "config_drive": null,
            "created": "2026-05-06 10:58:16 +0000 UTC",
            "flavor_id": "069f3094-dc51-4e41-a259-3b5c2c845b1f",
            "flavor_name": "m1.medium",
            "floating_ip": null,
            "force_delete": false,
            "id": "5ac8e247-35c4-452f-9fb5-b35c322c1a5c",
            "image_id": "a4790384-d6e0-40eb-9849-3e47d418dedb",
            "image_name": "Ubuntu-22.04",
            "key_pair": "songdelamoon",
            "metadata": null,
            "name": "k8s-worker-2",
            "network": [
              {
                "access_network": false,
                "fixed_ip_v4": "10.10.1.136",
                "fixed_ip_v6": "",
                "floating_ip": "",
                "mac": "fa:16:3e:11:20:44",
                "name": "net-01",
                "port": "",
                "uuid": "007b0ea6-7f6c-4e2c-becd-f65799f83eae"
              }
            ],
            "network_mode": null,
            "personality": [],
            "power_state": "active",
            "region": "RegionOne",
            "scheduler_hints": [],
            "security_groups": [
              "k8s-security-group"
            ],
            "stop_before_destroy": false,
            "tags": null,
            "timeouts": null,
            "updated": "2026-05-06 10:58:36 +0000 UTC",
            "user_data": null,
            "vendor_options": [],
            "volume": []
          },
          "sensitive_attributes": [
            [
              {
                "type": "get_attr",
                "value": "admin_pass"
              }
            ]
          ],
          "identity_schema_version": 0,
          "private": "eyJlMmJmYjczMC1lY2FhLTExZTYtOGY4OC0zNDM2M2JjN2M0YzAiOnsiY3JlYXRlIjoxODAwMDAwMDAwMDAwLCJkZWxldGUiOjE4MDAwMDAwMDAwMDAsInVwZGF0ZSI6MTgwMDAwMDAwMDAwMH19",
          "dependencies": [
            "openstack_networking_secgroup_v2.k8s_sg"
          ]
        }
      ]
    },
    {
      "mode": "managed",
      "type": "openstack_networking_secgroup_rule_v2",
      "name": "internal_all",
      "provider": "provider[\"registry.terraform.io/terraform-provider-openstack/openstack\"]",
      "instances": [
        {
          "schema_version": 0,
          "attributes": {
            "description": "",
            "direction": "ingress",
            "ethertype": "IPv4",
            "id": "901440d6-aa03-45ed-9ac9-6fa9cebae919",
            "port_range_max": 0,
            "port_range_min": 0,
            "protocol": "tcp",
            "region": "RegionOne",
            "remote_group_id": "96b80f51-c6ea-4137-8e50-69f3715cb11d",
            "remote_ip_prefix": "",
            "security_group_id": "96b80f51-c6ea-4137-8e50-69f3715cb11d",
            "tenant_id": "d85efe285677416a8ec5dc4e492b9b0e",
            "timeouts": null
          },
          "sensitive_attributes": [],
          "identity_schema_version": 0,
          "private": "eyJlMmJmYjczMC1lY2FhLTExZTYtOGY4OC0zNDM2M2JjN2M0YzAiOnsiZGVsZXRlIjo2MDAwMDAwMDAwMDB9fQ==",
          "dependencies": [
            "openstack_networking_secgroup_v2.k8s_sg"
          ]
        }
      ]
    },
    {
      "mode": "managed",
      "type": "openstack_networking_secgroup_rule_v2",
      "name": "k8s_api",
      "provider": "provider[\"registry.terraform.io/terraform-provider-openstack/openstack\"]",
      "instances": [
        {
          "schema_version": 0,
          "attributes": {
            "description": "",
            "direction": "ingress",
            "ethertype": "IPv4",
            "id": "f12db3ff-28e9-4cd4-ac09-c2f29b0b5093",
            "port_range_max": 6443,
            "port_range_min": 6443,
            "protocol": "tcp",
            "region": "RegionOne",
            "remote_group_id": "",
            "remote_ip_prefix": "0.0.0.0/0",
            "security_group_id": "96b80f51-c6ea-4137-8e50-69f3715cb11d",
            "tenant_id": "d85efe285677416a8ec5dc4e492b9b0e",
            "timeouts": null
          },
          "sensitive_attributes": [],
          "identity_schema_version": 0,
          "private": "eyJlMmJmYjczMC1lY2FhLTExZTYtOGY4OC0zNDM2M2JjN2M0YzAiOnsiZGVsZXRlIjo2MDAwMDAwMDAwMDB9fQ==",
          "dependencies": [
            "openstack_networking_secgroup_v2.k8s_sg"
          ]
        }
      ]
    },
    {
      "mode": "managed",
      "type": "openstack_networking_secgroup_rule_v2",
      "name": "nodeports",
      "provider": "provider[\"registry.terraform.io/terraform-provider-openstack/openstack\"]",
      "instances": [
        {
          "schema_version": 0,
          "attributes": {
            "description": "",
            "direction": "ingress",
            "ethertype": "IPv4",
            "id": "20793951-b493-410d-8c2f-b82257c03734",
            "port_range_max": 32767,
            "port_range_min": 30000,
            "protocol": "tcp",
            "region": "RegionOne",
            "remote_group_id": "",
            "remote_ip_prefix": "0.0.0.0/0",
            "security_group_id": "96b80f51-c6ea-4137-8e50-69f3715cb11d",
            "tenant_id": "d85efe285677416a8ec5dc4e492b9b0e",
            "timeouts": null
          },
          "sensitive_attributes": [],
          "identity_schema_version": 0,
          "private": "eyJlMmJmYjczMC1lY2FhLTExZTYtOGY4OC0zNDM2M2JjN2M0YzAiOnsiZGVsZXRlIjo2MDAwMDAwMDAwMDB9fQ==",
          "dependencies": [
            "openstack_networking_secgroup_v2.k8s_sg"
          ]
        }
      ]
    },
    {
      "mode": "managed",
      "type": "openstack_networking_secgroup_rule_v2",
      "name": "ssh",
      "provider": "provider[\"registry.terraform.io/terraform-provider-openstack/openstack\"]",
      "instances": [
        {
          "schema_version": 0,
          "attributes": {
            "description": "",
            "direction": "ingress",
            "ethertype": "IPv4",
            "id": "4618fa5f-c2d0-4968-b612-40e72500f2f1",
            "port_range_max": 22,
            "port_range_min": 22,
            "protocol": "tcp",
            "region": "RegionOne",
            "remote_group_id": "",
            "remote_ip_prefix": "0.0.0.0/0",
            "security_group_id": "96b80f51-c6ea-4137-8e50-69f3715cb11d",
            "tenant_id": "d85efe285677416a8ec5dc4e492b9b0e",
            "timeouts": null
          },
          "sensitive_attributes": [],
          "identity_schema_version": 0,
          "private": "eyJlMmJmYjczMC1lY2FhLTExZTYtOGY4OC0zNDM2M2JjN2M0YzAiOnsiZGVsZXRlIjo2MDAwMDAwMDAwMDB9fQ==",
          "dependencies": [
            "openstack_networking_secgroup_v2.k8s_sg"
          ]
        }
      ]
    },
    {
      "mode": "managed",
      "type": "openstack_networking_secgroup_v2",
      "name": "k8s_sg",
      "provider": "provider[\"registry.terraform.io/terraform-provider-openstack/openstack\"]",
      "instances": [
        {
          "schema_version": 0,
          "attributes": {
            "all_tags": [],
            "delete_default_rules": null,
            "description": "Security group for Kubernetes cluster nodes",
            "id": "96b80f51-c6ea-4137-8e50-69f3715cb11d",
            "name": "k8s-security-group",
            "region": "RegionOne",
            "tags": null,
            "tenant_id": "d85efe285677416a8ec5dc4e492b9b0e",
            "timeouts": null
          },
          "sensitive_attributes": [],
          "identity_schema_version": 0,
          "private": "eyJlMmJmYjczMC1lY2FhLTExZTYtOGY4OC0zNDM2M2JjN2M0YzAiOnsiZGVsZXRlIjo2MDAwMDAwMDAwMDB9fQ=="
        }
      ]
    }
  ],
  "check_results": null
}
